
Microsoft Visual Studio Solution File, Format Version 12.00
# Visual Studio Version 16
VisualStudioVersion = 16.0.30225.117
MinimumVisualStudioVersion = 10.0.40219.1
Project("{FAE04EC0-301F-11D3-BF4B-00C04F79EFBC}") = "Assmodhelper", "Assmodhelper\Assmodhelper.csproj", "{1F81D94C-2E43-4BEE-AD7C-85189BED8CAC}"
EndProject
Global
	GlobalSection(SolutionConfigurationPlatforms) = preSolution
		Debug|Any CPU = Debug|Any CPU
		Release|Any CPU = Release|Any CPU
	EndGlobalSection
	GlobalSection(ProjectConfigurationPlatforms) = postSolution
		{1F81D94C-2E43-4BEE-AD7C-85189BED8CAC}.Debug|Any CPU.ActiveCfg = Debug|Any CPU
		{1F81D94C-2E43-4BEE-AD7C-85189BED8CAC}.Debug|Any CPU.Build.0 = Debug|Any CPU
		{1F81D94C-2E43-4BEE-AD7C-85189BED8CAC}.Release|Any CPU.ActiveCfg = Release|Any CPU
		{1F81D94C-2E43-4BEE-AD7C-85189BED8CAC}.Release|Any CPU.Build.0 = Release|Any CPU
	EndGlobalSection
	GlobalSection(SolutionProperties) = preSolution
		HideSolutionNode = FALSE
	EndGlobalSection
	GlobalSection(ExtensibilityGlobals) = postSolution
		SolutionGuid = {966A467E-966E-4AE1-B40F-F26AAEDED61B}
	EndGlobalSection
EndGlobal
